{
  "name": "hubspot-cms-sync",
  "version": "0.1.0",
  "lockfileVersion": 3,
  "requires": true,
  "packages": {
    "": {
      "name": "hubspot-cms-sync",
      "version": "0.1.0",
      "license": "MIT",
      "bin": {
        "hcms": "bin/hubspot-cms-sync.mjs",
        "hubspot-cms-sync": "bin/hubspot-cms-sync.mjs"
      },
      "engines": {
        "node": ">=20.10.0",
        "npm": ">=10"
      }
    }
  }
}
